
Microsoft Visual Studio Solution File, Format Version 12.00
# Visual Studio Version 16
VisualStudioVersion = 16.0.29709.97
MinimumVisualStudioVersion = 10.0.40219.1
Project("{FAE04EC0-301F-11D3-BF4B-00C04F79EFBC}") = "EjercicioRegistro", "EjercicioRegistro.csproj", "{F29C3644-4FA2-43FB-A982-7E2D2E7B2FC1}"
EndProject
Global
	GlobalSection(SolutionConfigurationPlatforms) = preSolution
		Debug|Any CPU = Debug|Any CPU
		Release|Any CPU = Release|Any CPU
	EndGlobalSection
	GlobalSection(ProjectConfigurationPlatforms) = postSolution
		{F29C3644-4FA2-43FB-A982-7E2D2E7B2FC1}.Debug|Any CPU.ActiveCfg = Debug|Any CPU
		{F29C3644-4FA2-43FB-A982-7E2D2E7B2FC1}.Debug|Any CPU.Build.0 = Debug|Any CPU
		{F29C3644-4FA2-43FB-A982-7E2D2E7B2FC1}.Release|Any CPU.ActiveCfg = Release|Any CPU
		{F29C3644-4FA2-43FB-A982-7E2D2E7B2FC1}.Release|Any CPU.Build.0 = Release|Any CPU
	EndGlobalSection
	GlobalSection(SolutionProperties) = preSolution
		HideSolutionNode = FALSE
	EndGlobalSection
	GlobalSection(ExtensibilityGlobals) = postSolution
		SolutionGuid = {271D18C6-7BCC-4129-B9D2-E072253B1DB7}
	EndGlobalSection
EndGlobal
